
Microsoft Visual Studio Solution File, Format Version 11.00
# Visual C++ Express 2010
Project("{8BC9CEB8-8B4A-11D0-8D11-00A0C91BC942}") = "Assignment 2", "Assignment 2.vcxproj", "{DDAB8556-10C5-4DED-BD9D-5F7741A8C908}"
EndProject
Global
	GlobalSection(SolutionConfigurationPlatforms) = preSolution
		Debug|Win32 = Debug|Win32
		Release|Win32 = Release|Win32
	EndGlobalSection
	GlobalSection(ProjectConfigurationPlatforms) = postSolution
		{DDAB8556-10C5-4DED-BD9D-5F7741A8C908}.Debug|Win32.ActiveCfg = Debug|Win32
		{DDAB8556-10C5-4DED-BD9D-5F7741A8C908}.Debug|Win32.Build.0 = Debug|Win32
		{DDAB8556-10C5-4DED-BD9D-5F7741A8C908}.Release|Win32.ActiveCfg = Release|Win32
		{DDAB8556-10C5-4DED-BD9D-5F7741A8C908}.Release|Win32.Build.0 = Release|Win32
	EndGlobalSection
	GlobalSection(SolutionProperties) = preSolution
		HideSolutionNode = FALSE
	EndGlobalSection
EndGlobal
